{
  "name": "opencode-plannotator-tui",
  "version": "0.2.1",
  "lockfileVersion": 3,
  "requires": true,
  "packages": {
    "": {
      "name": "opencode-plannotator-tui",
      "version": "0.2.1",
      "license": "MIT",
      "engines": {
        "node": ">=22"
      },
      "peerDependencies": {
        "@opencode/plugin": ">=2.0.22 <3"
      },
      "peerDependenciesMeta": {
        "@opencode/plugin": {
          "optional": true
        }
      }
    }
  }
}
